
Microsoft Visual Studio Solution File, Format Version 12.00
# Visual Studio 14
VisualStudioVersion = 14.0.25420.1
MinimumVisualStudioVersion = 10.0.40219.1
Project("{FAE04EC0-301F-11D3-BF4B-00C04F79EFBC}") = "Lab1FindPrime", "Lab1FindPrime\Lab1FindPrime.csproj", "{ABF4E42C-5C51-4143-B646-EA6BE122746B}"
EndProject
Global
	GlobalSection(SolutionConfigurationPlatforms) = preSolution
		Debug|Any CPU = Debug|Any CPU
		Release|Any CPU = Release|Any CPU
	EndGlobalSection
	GlobalSection(ProjectConfigurationPlatforms) = postSolution
		{ABF4E42C-5C51-4143-B646-EA6BE122746B}.Debug|Any CPU.ActiveCfg = Debug|Any CPU
		{ABF4E42C-5C51-4143-B646-EA6BE122746B}.Debug|Any CPU.Build.0 = Debug|Any CPU
		{ABF4E42C-5C51-4143-B646-EA6BE122746B}.Release|Any CPU.ActiveCfg = Release|Any CPU
		{ABF4E42C-5C51-4143-B646-EA6BE122746B}.Release|Any CPU.Build.0 = Release|Any CPU
	EndGlobalSection
	GlobalSection(SolutionProperties) = preSolution
		HideSolutionNode = FALSE
	EndGlobalSection
EndGlobal
